
Microsoft Visual Studio Solution File, Format Version 12.00
# Visual Studio 15
VisualStudioVersion = 15.0.28010.2050
MinimumVisualStudioVersion = 10.0.40219.1
Project("{FAE04EC0-301F-11D3-BF4B-00C04F79EFBC}") = "구슬 게임", "구슬 게임\구슬 게임.csproj", "{7ED7B289-DB3B-4F84-B0A0-446780C40987}"
EndProject
Global
	GlobalSection(SolutionConfigurationPlatforms) = preSolution
		Debug|Any CPU = Debug|Any CPU
		Release|Any CPU = Release|Any CPU
	EndGlobalSection
	GlobalSection(ProjectConfigurationPlatforms) = postSolution
		{7ED7B289-DB3B-4F84-B0A0-446780C40987}.Debug|Any CPU.ActiveCfg = Debug|Any CPU
		{7ED7B289-DB3B-4F84-B0A0-446780C40987}.Debug|Any CPU.Build.0 = Debug|Any CPU
		{7ED7B289-DB3B-4F84-B0A0-446780C40987}.Release|Any CPU.ActiveCfg = Release|Any CPU
		{7ED7B289-DB3B-4F84-B0A0-446780C40987}.Release|Any CPU.Build.0 = Release|Any CPU
	EndGlobalSection
	GlobalSection(SolutionProperties) = preSolution
		HideSolutionNode = FALSE
	EndGlobalSection
	GlobalSection(ExtensibilityGlobals) = postSolution
		SolutionGuid = {56808ED8-4E9F-4BF4-969B-FC30594BC6B2}
	EndGlobalSection
EndGlobal
