
Microsoft Visual Studio Solution File, Format Version 12.00
# Visual Studio Version 16
VisualStudioVersion = 16.0.31729.503
MinimumVisualStudioVersion = 10.0.40219.1
Project("{FAE04EC0-301F-11D3-BF4B-00C04F79EFBC}") = "homwork 07 24(4)", "homwork 07 24(4)\homwork 07 24(4).csproj", "{D2C4EA87-32B9-4651-9405-08B8544889FB}"
EndProject
Global
	GlobalSection(SolutionConfigurationPlatforms) = preSolution
		Debug|Any CPU = Debug|Any CPU
		Release|Any CPU = Release|Any CPU
	EndGlobalSection
	GlobalSection(ProjectConfigurationPlatforms) = postSolution
		{D2C4EA87-32B9-4651-9405-08B8544889FB}.Debug|Any CPU.ActiveCfg = Debug|Any CPU
		{D2C4EA87-32B9-4651-9405-08B8544889FB}.Debug|Any CPU.Build.0 = Debug|Any CPU
		{D2C4EA87-32B9-4651-9405-08B8544889FB}.Release|Any CPU.ActiveCfg = Release|Any CPU
		{D2C4EA87-32B9-4651-9405-08B8544889FB}.Release|Any CPU.Build.0 = Release|Any CPU
	EndGlobalSection
	GlobalSection(SolutionProperties) = preSolution
		HideSolutionNode = FALSE
	EndGlobalSection
	GlobalSection(ExtensibilityGlobals) = postSolution
		SolutionGuid = {078A4701-5E50-495D-8F8A-F30781B0563D}
	EndGlobalSection
EndGlobal
