
Microsoft Visual Studio Solution File, Format Version 12.00
# Visual Studio Version 17
VisualStudioVersion = 17.2.32630.192
MinimumVisualStudioVersion = 10.0.40219.1
Project("{FAE04EC0-301F-11D3-BF4B-00C04F79EFBC}") = "2022.07.29 food", "2022.07.29 food\2022.07.29 food.csproj", "{F8AA9492-DA0C-4FBE-9A50-E7A64316E710}"
EndProject
Global
	GlobalSection(SolutionConfigurationPlatforms) = preSolution
		Debug|Any CPU = Debug|Any CPU
		Release|Any CPU = Release|Any CPU
	EndGlobalSection
	GlobalSection(ProjectConfigurationPlatforms) = postSolution
		{F8AA9492-DA0C-4FBE-9A50-E7A64316E710}.Debug|Any CPU.ActiveCfg = Debug|Any CPU
		{F8AA9492-DA0C-4FBE-9A50-E7A64316E710}.Debug|Any CPU.Build.0 = Debug|Any CPU
		{F8AA9492-DA0C-4FBE-9A50-E7A64316E710}.Release|Any CPU.ActiveCfg = Release|Any CPU
		{F8AA9492-DA0C-4FBE-9A50-E7A64316E710}.Release|Any CPU.Build.0 = Release|Any CPU
	EndGlobalSection
	GlobalSection(SolutionProperties) = preSolution
		HideSolutionNode = FALSE
	EndGlobalSection
	GlobalSection(ExtensibilityGlobals) = postSolution
		SolutionGuid = {411284F6-8250-472C-AFF6-0BE3B8EB937C}
	EndGlobalSection
EndGlobal
